// !$*UTF8*$!
{
	archiveVersion = 1;
	classes = {
	};
	objectVersion = 50;
	objects = {

/* Begin PBXBuildFile section */
		B378A5F525397DDB0022E010 /* AppDelegate.swift in Sources */ = {isa = PBXBuildFile; fileRef = B378A5F425397DDB0022E010 /* AppDelegate.swift */; };
		B378A5F725397DDB0022E010 /* SceneDelegate.swift in Sources */ = {isa = PBXBuildFile; fileRef = B378A5F625397DDB0022E010 /* SceneDelegate.swift */; };
		B378A5FC25397DDB0022E010 /* Main.storyboard in Resources */ = {isa = PBXBuildFile; fileRef = B378A5FA25397DDB0022E010 /* Main.storyboard */; };
		B378A5FE25397DDB0022E010 /* Assets.xcassets in Resources */ = {isa = PBXBuildFile; fileRef = B378A5FD25397DDB0022E010 /* Assets.xcassets */; };
		B378A60125397DDB0022E010 /* LaunchScreen.storyboard in Resources */ = {isa = PBXBuildFile; fileRef = B378A5FF25397DDB0022E010 /* LaunchScreen.storyboard */; };
		B378A60B25397F2A0022E010 /* RootTableViewController.swift in Sources */ = {isa = PBXBuildFile; fileRef = B378A60A25397F2A0022E010 /* RootTableViewController.swift */; };
		B378A60F253980A70022E010 /* SoundRecordingViewController.swift in Sources */ = {isa = PBXBuildFile; fileRef = B378A60E253980A60022E010 /* SoundRecordingViewController.swift */; };
		B378A616253986DA0022E010 /* KKStoryboardSegue.swift in Sources */ = {isa = PBXBuildFile; fileRef = B378A615253986DA0022E010 /* KKStoryboardSegue.swift */; };
		B378A63F25399E650022E010 /* KKRecorderManager.swift in Sources */ = {isa = PBXBuildFile; fileRef = B378A63E25399E650022E010 /* KKRecorderManager.swift */; };
		B3857A6D254FF3A3007CB427 /* KKAudioPlayerManager.swift in Sources */ = {isa = PBXBuildFile; fileRef = B3857A6C254FF3A3007CB427 /* KKAudioPlayerManager.swift */; };
/* End PBXBuildFile section */

/* Begin PBXFileReference section */
		B378A5F125397DDB0022E010 /* AudioAssistant.app */ = {isa = PBXFileReference; explicitFileType = wrapper.application; includeInIndex = 0; path = AudioAssistant.app; sourceTree = BUILT_PRODUCTS_DIR; };
		B378A5F425397DDB0022E010 /* AppDelegate.swift */ = {isa = PBXFileReference; lastKnownFileType = sourcecode.swift; path = AppDelegate.swift; sourceTree = "<group>"; };
		B378A5F625397DDB0022E010 /* SceneDelegate.swift */ = {isa = PBXFileReference; lastKnownFileType = sourcecode.swift; path = SceneDelegate.swift; sourceTree = "<group>"; };
		B378A5FB25397DDB0022E010 /* Base */ = {isa = PBXFileReference; lastKnownFileType = file.storyboard; name = Base; path = Base.lproj/Main.storyboard; sourceTree = "<group>"; };
		B378A5FD25397DDB0022E010 /* Assets.xcassets */ = {isa = PBXFileReference; lastKnownFileType = folder.assetcatalog; path = Assets.xcassets; sourceTree = "<group>"; };
		B378A60025397DDB0022E010 /* Base */ = {isa = PBXFileReference; lastKnownFileType = file.storyboard; name = Base; path = Base.lproj/LaunchScreen.storyboard; sourceTree = "<group>"; };
		B378A60225397DDB0022E010 /* Info.plist */ = {isa = PBXFileReference; lastKnownFileType = text.plist.xml; path = Info.plist; sourceTree = "<group>"; };
		B378A60A25397F2A0022E010 /* RootTableViewController.swift */ = {isa = PBXFileReference; lastKnownFileType = sourcecode.swift; path = RootTableViewController.swift; sourceTree = "<group>"; };
		B378A60E253980A60022E010 /* SoundRecordingViewController.swift */ = {isa = PBXFileReference; lastKnownFileType = sourcecode.swift; path = SoundRecordingViewController.swift; sourceTree = "<group>"; };
		B378A615253986DA0022E010 /* KKStoryboardSegue.swift */ = {isa = PBXFileReference; lastKnownFileType = sourcecode.swift; path = KKStoryboardSegue.swift; sourceTree = "<group>"; };
		B378A63E25399E650022E010 /* KKRecorderManager.swift */ = {isa = PBXFileReference; lastKnownFileType = sourcecode.swift; path = KKRecorderManager.swift; sourceTree = "<group>"; };
		B3857A6C254FF3A3007CB427 /* KKAudioPlayerManager.swift */ = {isa = PBXFileReference; lastKnownFileType = sourcecode.swift; path = KKAudioPlayerManager.swift; sourceTree = "<group>"; };
/* End PBXFileReference section */

/* Begin PBXFrameworksBuildPhase section */
		B378A5EE25397DDB0022E010 /* Frameworks */ = {
			isa = PBXFrameworksBuildPhase;
			buildActionMask = 2147483647;
			files = (
			);
			runOnlyForDeploymentPostprocessing = 0;
		};
/* End PBXFrameworksBuildPhase section */

/* Begin PBXGroup section */
		B378A5E825397DDB0022E010 = {
			isa = PBXGroup;
			children = (
				B378A5F325397DDB0022E010 /* AudioAssistant */,
				B378A5F225397DDB0022E010 /* Products */,
			);
			sourceTree = "<group>";
		};
		B378A5F225397DDB0022E010 /* Products */ = {
			isa = PBXGroup;
			children = (
				B378A5F125397DDB0022E010 /* AudioAssistant.app */,
			);
			name = Products;
			sourceTree = "<group>";
		};
		B378A5F325397DDB0022E010 /* AudioAssistant */ = {
			isa = PBXGroup;
			children = (
				B378A6142539866A0022E010 /* Models */,
				B378A60D253980350022E010 /* ViewControllers */,
				B378A5F425397DDB0022E010 /* AppDelegate.swift */,
				B378A5F625397DDB0022E010 /* SceneDelegate.swift */,
				B378A5FA25397DDB0022E010 /* Main.storyboard */,
				B378A5FD25397DDB0022E010 /* Assets.xcassets */,
				B378A5FF25397DDB0022E010 /* LaunchScreen.storyboard */,
				B378A60225397DDB0022E010 /* Info.plist */,
			);
			path = AudioAssistant;
			sourceTree = "<group>";
		};
		B378A60D253980350022E010 /* ViewControllers */ = {
			isa = PBXGroup;
			children = (
				B378A60A25397F2A0022E010 /* RootTableViewController.swift */,
				B378A60E253980A60022E010 /* SoundRecordingViewController.swift */,
			);
			path = ViewControllers;
			sourceTree = "<group>";
		};
		B378A6142539866A0022E010 /* Models */ = {
			isa = PBXGroup;
			children = (
				B378A615253986DA0022E010 /* KKStoryboardSegue.swift */,
				B378A63E25399E650022E010 /* KKRecorderManager.swift */,
				B3857A6C254FF3A3007CB427 /* KKAudioPlayerManager.swift */,
			);
			path = Models;
			sourceTree = "<group>";
		};
/* End PBXGroup section */

/* Begin PBXNativeTarget section */
		B378A5F025397DDB0022E010 /* AudioAssistant */ = {
			isa = PBXNativeTarget;
			buildConfigurationList = B378A60525397DDB0022E010 /* Build configuration list for PBXNativeTarget "AudioAssistant" */;
			buildPhases = (
				B378A5ED25397DDB0022E010 /* Sources */,
				B378A5EE25397DDB0022E010 /* Frameworks */,
				B378A5EF25397DDB0022E010 /* Resources */,
			);
			buildRules = (
			);
			dependencies = (
			);
			name = AudioAssistant;
			productName = AudioAssistant;
			productReference = B378A5F125397DDB0022E010 /* AudioAssistant.app */;
			productType = "com.apple.product-type.application";
		};
/* End PBXNativeTarget section */

/* Begin PBXProject section */
		B378A5E925397DDB0022E010 /* Project object */ = {
			isa = PBXProject;
			attributes = {
				LastSwiftUpdateCheck = 1200;
				LastUpgradeCheck = 1200;
				TargetAttributes = {
					B378A5F025397DDB0022E010 = {
						CreatedOnToolsVersion = 12.0.1;
					};
				};
			};
			buildConfigurationList = B378A5EC25397DDB0022E010 /* Build configuration list for PBXProject "AudioAssistant" */;
			compatibilityVersion = "Xcode 9.3";
			developmentRegion = en;
			hasScannedForEncodings = 0;
			knownRegions = (
				en,
				Base,
			);
			mainGroup = B378A5E825397DDB0022E010;
			productRefGroup = B378A5F225397DDB0022E010 /* Products */;
			projectDirPath = "";
			projectRoot = "";
			targets = (
				B378A5F025397DDB0022E010 /* AudioAssistant */,
			);
		};
/* End PBXProject section */

/* Begin PBXResourcesBuildPhase section */
		B378A5EF25397DDB0022E010 /* Resources */ = {
			isa = PBXResourcesBuildPhase;
			buildActionMask = 2147483647;
			files = (
				B378A60125397DDB0022E010 /* LaunchScreen.storyboard in Resources */,
				B378A5FE25397DDB0022E010 /* Assets.xcassets in Resources */,
				B378A5FC25397DDB0022E010 /* Main.storyboard in Resources */,
			);
			runOnlyForDeploymentPostprocessing = 0;
		};
/* End PBXResourcesBuildPhase section */

/* Begin PBXSourcesBuildPhase section */
		B378A5ED25397DDB0022E010 /* Sources */ = {
			isa = PBXSourcesBuildPhase;
			buildActionMask = 2147483647;
			files = (
				B378A5F525397DDB0022E010 /* AppDelegate.swift in Sources */,
				B378A60B25397F2A0022E010 /* RootTableViewController.swift in Sources */,
				B378A60F253980A70022E010 /* SoundRecordingViewController.swift in Sources */,
				B378A63F25399E650022E010 /* KKRecorderManager.swift in Sources */,
				B378A5F725397DDB0022E010 /* SceneDelegate.swift in Sources */,
				B378A616253986DA0022E010 /* KKStoryboardSegue.swift in Sources */,
				B3857A6D254FF3A3007CB427 /* KKAudioPlayerManager.swift in Sources */,
			);
			runOnlyForDeploymentPostprocessing = 0;
		};
/* End PBXSourcesBuildPhase section */

/* Begin PBXVariantGroup section */
		B378A5FA25397DDB0022E010 /* Main.storyboard */ = {
			isa = PBXVariantGroup;
			children = (
				B378A5FB25397DDB0022E010 /* Base */,
			);
			name = Main.storyboard;
			sourceTree = "<group>";
		};
		B378A5FF25397DDB0022E010 /* LaunchScreen.storyboard */ = {
			isa = PBXVariantGroup;
			children = (
				B378A60025397DDB0022E010 /* Base */,
			);
			name = LaunchScreen.storyboard;
			sourceTree = "<group>";
		};
/* End PBXVariantGroup section */

/* Begin XCBuildConfiguration section */
		B378A60325397DDB0022E010 /* Debug */ = {
			isa = XCBuildConfiguration;
			buildSettings = {
				ALWAYS_SEARCH_USER_PATHS = NO;
				CLANG_ANALYZER_NONNULL = YES;
				CLANG_ANALYZER_NUMBER_OBJECT_CONVERSION = YES_AGGRESSIVE;
				CLANG_CXX_LANGUAGE_STANDARD = "gnu++14";
				CLANG_CXX_LIBRARY = "libc++";
				CLANG_ENABLE_MODULES = YES;
				CLANG_ENABLE_OBJC_ARC = YES;
				CLANG_ENABLE_OBJC_WEAK = YES;
				CLANG_WARN_BLOCK_CAPTURE_AUTORELEASING = YES;
				CLANG_WARN_BOOL_CONVERSION = YES;
				CLANG_WARN_COMMA = YES;
				CLANG_WARN_CONSTANT_CONVERSION = YES;
				CLANG_WARN_DEPRECATED_OBJC_IMPLEMENTATIONS = YES;
				CLANG_WARN_DIRECT_OBJC_ISA_USAGE = YES_ERROR;
				CLANG_WARN_DOCUMENTATION_COMMENTS = YES;
				CLANG_WARN_EMPTY_BODY = YES;
				CLANG_WARN_ENUM_CONVERSION = YES;
				CLANG_WARN_INFINITE_RECURSION = YES;
				CLANG_WARN_INT_CONVERSION = YES;
				CLANG_WARN_NON_LITERAL_NULL_CONVERSION = YES;
				CLANG_WARN_OBJC_IMPLICIT_RETAIN_SELF = YES;
				CLANG_WARN_OBJC_LITERAL_CONVERSION = YES;
				CLANG_WARN_OBJC_ROOT_CLASS = YES_ERROR;
				CLANG_WARN_QUOTED_INCLUDE_IN_FRAMEWORK_HEADER = YES;
				CLANG_WARN_RANGE_LOOP_ANALYSIS = YES;
				CLANG_WARN_STRICT_PROTOTYPES = YES;
				CLANG_WARN_SUSPICIOUS_MOVE = YES;
				CLANG_WARN_UNGUARDED_AVAILABILITY = YES_AGGRESSIVE;
				CLANG_WARN_UNREACHABLE_CODE = YES;
				CLANG_WARN__DUPLICATE_METHOD_MATCH = YES;
				COPY_PHASE_STRIP = NO;
				DEBUG_INFORMATION_FORMAT = dwarf;
				ENABLE_STRICT_OBJC_MSGSEND = YES;
				ENABLE_TESTABILITY = YES;
				GCC_C_LANGUAGE_STANDARD = gnu11;
				GCC_DYNAMIC_NO_PIC = NO;
				GCC_NO_COMMON_BLOCKS = YES;
				GCC_OPTIMIZATION_LEVEL = 0;
				GCC_PREPROCESSOR_DEFINITIONS = (
					"DEBUG=1",
					"$(inherited)",
				);
				GCC_WARN_64_TO_32_BIT_CONVERSION = YES;
				GCC_WARN_ABOUT_RETURN_TYPE = YES_ERROR;
				GCC_WARN_UNDECLARED_SELECTOR = YES;
				GCC_WARN_UNINITIALIZED_AUTOS = YES_AGGRESSIVE;
				GCC_WARN_UNUSED_FUNCTION = YES;
				GCC_WARN_UNUSED_VARIABLE = YES;
				IPHONEOS_DEPLOYMENT_TARGET = 13.0;
				MTL_ENABLE_DEBUG_INFO = INCLUDE_SOURCE;
				MTL_FAST_MATH = YES;
				ONLY_ACTIVE_ARCH = YES;
				SDKROOT = iphoneos;
				SWIFT_ACTIVE_COMPILATION_CONDITIONS = DEBUG;
				SWIFT_OPTIMIZATION_LEVEL = "-Onone";
			};
			name = Debug;
		};
		B378A60425397DDB0022E010 /* Release */ = {
			isa = XCBuildConfiguration;
			buildSettings = {
				ALWAYS_SEARCH_USER_PATHS = NO;
				CLANG_ANALYZER_NONNULL = YES;
				CLANG_ANALYZER_NUMBER_OBJECT_CONVERSION = YES_AGGRESSIVE;
				CLANG_CXX_LANGUAGE_STANDARD = "gnu++14";
				CLANG_CXX_LIBRARY = "libc++";
				CLANG_ENABLE_MODULES = YES;
				CLANG_ENABLE_OBJC_ARC = YES;
				CLANG_ENABLE_OBJC_WEAK = YES;
				CLANG_WARN_BLOCK_CAPTURE_AUTORELEASING = YES;
				CLANG_WARN_BOOL_CONVERSION = YES;
				CLANG_WARN_COMMA = YES;
				CLANG_WARN_CONSTANT_CONVERSION = YES;
				CLANG_WARN_DEPRECATED_OBJC_IMPLEMENTATIONS = YES;
				CLANG_WARN_DIRECT_OBJC_ISA_USAGE = YES_ERROR;
				CLANG_WARN_DOCUMENTATION_COMMENTS = YES;
				CLANG_WARN_EMPTY_BODY = YES;
				CLANG_WARN_ENUM_CONVERSION = YES;
				CLANG_WARN_INFINITE_RECURSION = YES;
				CLANG_WARN_INT_CONVERSION = YES;
				CLANG_WARN_NON_LITERAL_NULL_CONVERSION = YES;
				CLANG_WARN_OBJC_IMPLICIT_RETAIN_SELF = YES;
				CLANG_WARN_OBJC_LITERAL_CONVERSION = YES;
				CLANG_WARN_OBJC_ROOT_CLASS = YES_ERROR;
				CLANG_WARN_QUOTED_INCLUDE_IN_FRAMEWORK_HEADER = YES;
				CLANG_WARN_RANGE_LOOP_ANALYSIS = YES;
				CLANG_WARN_STRICT_PROTOTYPES = YES;
				CLANG_WARN_SUSPICIOUS_MOVE = YES;
				CLANG_WARN_UNGUARDED_AVAILABILITY = YES_AGGRESSIVE;
				CLANG_WARN_UNREACHABLE_CODE = YES;
				CLANG_WARN__DUPLICATE_METHOD_MATCH = YES;
				COPY_PHASE_STRIP = NO;
				DEBUG_INFORMATION_FORMAT = "dwarf-with-dsym";
				ENABLE_NS_ASSERTIONS = NO;
				ENABLE_STRICT_OBJC_MSGSEND = YES;
				GCC_C_LANGUAGE_STANDARD = gnu11;
				GCC_NO_COMMON_BLOCKS = YES;
				GCC_WARN_64_TO_32_BIT_CONVERSION = YES;
				GCC_WARN_ABOUT_RETURN_TYPE = YES_ERROR;
				GCC_WARN_UNDECLARED_SELECTOR = YES;
				GCC_WARN_UNINITIALIZED_AUTOS = YES_AGGRESSIVE;
				GCC_WARN_UNUSED_FUNCTION = YES;
				GCC_WARN_UNUSED_VARIABLE = YES;
				IPHONEOS_DEPLOYMENT_TARGET = 13.0;
				MTL_ENABLE_DEBUG_INFO = NO;
				MTL_FAST_MATH = YES;
				SDKROOT = iphoneos;
				SWIFT_COMPILATION_MODE = wholemodule;
				SWIFT_OPTIMIZATION_LEVEL = "-O";
				VALIDATE_PRODUCT = YES;
			};
			name = Release;
		};
		B378A60625397DDB0022E010 /* Debug */ = {
			isa = XCBuildConfiguration;
			buildSettings = {
				ASSETCATALOG_COMPILER_APPICON_NAME = AppIcon;
				ASSETCATALOG_COMPILER_GLOBAL_ACCENT_COLOR_NAME = AccentColor;
				CODE_SIGN_STYLE = Automatic;
				DEVELOPMENT_TEAM = NRME67PMYG;
				INFOPLIST_FILE = AudioAssistant/Info.plist;
				LD_RUNPATH_SEARCH_PATHS = (
					"$(inherited)",
					"@executable_path/Frameworks",
				);
				PRODUCT_BUNDLE_IDENTIFIER = zhenming.leo.AudioAssistant2;
				PRODUCT_NAME = "$(TARGET_NAME)";
				SWIFT_VERSION = 5.0;
				TARGETED_DEVICE_FAMILY = "1,2";
			};
			name = Debug;
		};
		B378A60725397DDB0022E010 /* Release */ = {
			isa = XCBuildConfiguration;
			buildSettings = {
				ASSETCATALOG_COMPILER_APPICON_NAME = AppIcon;
				ASSETCATALOG_COMPILER_GLOBAL_ACCENT_COLOR_NAME = AccentColor;
				CODE_SIGN_STYLE = Automatic;
				DEVELOPMENT_TEAM = NRME67PMYG;
				INFOPLIST_FILE = AudioAssistant/Info.plist;
				LD_RUNPATH_SEARCH_PATHS = (
					"$(inherited)",
					"@executable_path/Frameworks",
				);
				PRODUCT_BUNDLE_IDENTIFIER = zhenming.leo.AudioAssistant2;
				PRODUCT_NAME = "$(TARGET_NAME)";
				SWIFT_VERSION = 5.0;
				TARGETED_DEVICE_FAMILY = "1,2";
			};
			name = Release;
		};
/* End XCBuildConfiguration section */

/* Begin XCConfigurationList section */
		B378A5EC25397DDB0022E010 /* Build configuration list for PBXProject "AudioAssistant" */ = {
			isa = XCConfigurationList;
			buildConfigurations = (
				B378A60325397DDB0022E010 /* Debug */,
				B378A60425397DDB0022E010 /* Release */,
			);
			defaultConfigurationIsVisible = 0;
			defaultConfigurationName = Release;
		};
		B378A60525397DDB0022E010 /* Build configuration list for PBXNativeTarget "AudioAssistant" */ = {
			isa = XCConfigurationList;
			buildConfigurations = (
				B378A60625397DDB0022E010 /* Debug */,
				B378A60725397DDB0022E010 /* Release */,
			);
			defaultConfigurationIsVisible = 0;
			defaultConfigurationName = Release;
		};
/* End XCConfigurationList section */
	};
	rootObject = B378A5E925397DDB0022E010 /* Project object */;
}
